
Microsoft Visual Studio Solution File, Format Version 12.00
# Visual Studio 15
Project("{FAE04EC0-301F-11D3-BF4B-00C04F79EFBC}") = "Assembly-CSharp", "Assembly-CSharp.csproj", "{E18F5830-013D-54A2-2238-4813D41339A2}"
EndProject
Project("{FAE04EC0-301F-11D3-BF4B-00C04F79EFBC}") = "AstarPathfindingProject", "AstarPathfindingProject.csproj", "{D4BB86FE-E4DA-3F85-4C13-B061545EDFA4}"
EndProject
Project("{FAE04EC0-301F-11D3-BF4B-00C04F79EFBC}") = "AstarPathfindingProjectEditor", "AstarPathfindingProjectEditor.csproj", "{0A8BFF6F-0656-D908-3E1E-D20CEF909249}"
EndProject
Project("{FAE04EC0-301F-11D3-BF4B-00C04F79EFBC}") = "PackageToolsEditor", "PackageToolsEditor.csproj", "{1C15BF25-C071-4D76-B694-B5A2B0A91F69}"
EndProject
Global
	GlobalSection(SolutionConfigurationPlatforms) = preSolution
		Debug|Any CPU = Debug|Any CPU
		Release|Any CPU = Release|Any CPU
	EndGlobalSection
	GlobalSection(ProjectConfigurationPlatforms) = postSolution
		{E18F5830-013D-54A2-2238-4813D41339A2}.Debug|Any CPU.ActiveCfg = Debug|Any CPU
		{E18F5830-013D-54A2-2238-4813D41339A2}.Debug|Any CPU.Build.0 = Debug|Any CPU
		{E18F5830-013D-54A2-2238-4813D41339A2}.Release|Any CPU.ActiveCfg = Release|Any CPU
		{E18F5830-013D-54A2-2238-4813D41339A2}.Release|Any CPU.Build.0 = Release|Any CPU
		{D4BB86FE-E4DA-3F85-4C13-B061545EDFA4}.Debug|Any CPU.ActiveCfg = Debug|Any CPU
		{D4BB86FE-E4DA-3F85-4C13-B061545EDFA4}.Debug|Any CPU.Build.0 = Debug|Any CPU
		{D4BB86FE-E4DA-3F85-4C13-B061545EDFA4}.Release|Any CPU.ActiveCfg = Release|Any CPU
		{D4BB86FE-E4DA-3F85-4C13-B061545EDFA4}.Release|Any CPU.Build.0 = Release|Any CPU
		{0A8BFF6F-0656-D908-3E1E-D20CEF909249}.Debug|Any CPU.ActiveCfg = Debug|Any CPU
		{0A8BFF6F-0656-D908-3E1E-D20CEF909249}.Debug|Any CPU.Build.0 = Debug|Any CPU
		{0A8BFF6F-0656-D908-3E1E-D20CEF909249}.Release|Any CPU.ActiveCfg = Release|Any CPU
		{0A8BFF6F-0656-D908-3E1E-D20CEF909249}.Release|Any CPU.Build.0 = Release|Any CPU
		{1C15BF25-C071-4D76-B694-B5A2B0A91F69}.Debug|Any CPU.ActiveCfg = Debug|Any CPU
		{1C15BF25-C071-4D76-B694-B5A2B0A91F69}.Debug|Any CPU.Build.0 = Debug|Any CPU
		{1C15BF25-C071-4D76-B694-B5A2B0A91F69}.Release|Any CPU.ActiveCfg = Release|Any CPU
		{1C15BF25-C071-4D76-B694-B5A2B0A91F69}.Release|Any CPU.Build.0 = Release|Any CPU
	EndGlobalSection
	GlobalSection(SolutionProperties) = preSolution
		HideSolutionNode = FALSE
	EndGlobalSection
EndGlobal
